
Microsoft Visual Studio Solution File, Format Version 12.00
# Visual Studio Version 17
VisualStudioVersion = 17.5.33424.131
MinimumVisualStudioVersion = 10.0.40219.1
Project("{9A19103F-16F7-4668-BE54-9A1E7A4F7556}") = "ConsoleApp1", "ConsoleApp1\ConsoleApp1.csproj", "{6D39007A-3861-4512-8069-B90BB32A24F8}"
EndProject
Project("{9A19103F-16F7-4668-BE54-9A1E7A4F7556}") = "Inheritance", "Inheritance\Inheritance.csproj", "{D7314949-4B36-4B3A-883F-84E065011215}"
EndProject
Project("{9A19103F-16F7-4668-BE54-9A1E7A4F7556}") = "NewOne", "NewOne\NewOne.csproj", "{DBE22FAB-9770-49AB-A416-C3CD2D9E91E2}"
EndProject
Project("{9A19103F-16F7-4668-BE54-9A1E7A4F7556}") = "7Parametors", "7Parametors\7Parametors.csproj", "{66236520-0322-4836-8B23-A35DCCA13DF8}"
EndProject
Project("{9A19103F-16F7-4668-BE54-9A1E7A4F7556}") = "LearningAllPrpertyAndTest", "LearningAllPrpertyAndTest\LearningAllPrpertyAndTest.csproj", "{A7635CDC-CEC4-4E47-B0D7-ABAFE8FE6F1A}"
EndProject
Project("{2150E333-8FDC-42A3-9474-1A3956D46DE8}") = "Interface Example", "Interface Example", "{6226256F-3915-4EB7-A527-FADBADA72F6B}"
EndProject
Project("{9A19103F-16F7-4668-BE54-9A1E7A4F7556}") = "NoteBookMarket", "NoteBookMarket\NoteBookMarket.csproj", "{C4EF9A8A-D916-4497-8404-FBACD028183E}"
EndProject
Project("{2150E333-8FDC-42A3-9474-1A3956D46DE8}") = "Country", "Country", "{56D1B008-235C-4F15-91E5-10AA3A79E9CA}"
EndProject
Project("{9A19103F-16F7-4668-BE54-9A1E7A4F7556}") = "Map", "Map\Map.csproj", "{D7FF21D0-8A22-48F9-A5BD-BF45C9F4E659}"
EndProject
Project("{9A19103F-16F7-4668-BE54-9A1E7A4F7556}") = "NewExampleOfInterface", "NewExampleOfInterface\NewExampleOfInterface.csproj", "{0C7C298A-17FE-43CF-B230-1F5219B34FB0}"
EndProject
Project("{9A19103F-16F7-4668-BE54-9A1E7A4F7556}") = "ChatGPT exercise", "ChatGPT exercise\ChatGPT exercise.csproj", "{6D73B535-876B-48FB-BC0A-E2BA9A88F556}"
EndProject
Project("{9A19103F-16F7-4668-BE54-9A1E7A4F7556}") = "PolindromRandomChecker", "PolindromRandomChecker\PolindromRandomChecker.csproj", "{8385F518-90E6-460E-B410-A3ADC449AC79}"
EndProject
Project("{FAE04EC0-301F-11D3-BF4B-00C04F79EFBC}") = "DleiveryProj", "DleiveryProj\DleiveryProj.csproj", "{3CB559B6-B8E1-4573-95C6-2772C03D01C5}"
EndProject
Global
	GlobalSection(SolutionConfigurationPlatforms) = preSolution
		Debug|Any CPU = Debug|Any CPU
		Release|Any CPU = Release|Any CPU
	EndGlobalSection
	GlobalSection(ProjectConfigurationPlatforms) = postSolution
		{6D39007A-3861-4512-8069-B90BB32A24F8}.Debug|Any CPU.ActiveCfg = Debug|Any CPU
		{6D39007A-3861-4512-8069-B90BB32A24F8}.Debug|Any CPU.Build.0 = Debug|Any CPU
		{6D39007A-3861-4512-8069-B90BB32A24F8}.Release|Any CPU.ActiveCfg = Release|Any CPU
		{6D39007A-3861-4512-8069-B90BB32A24F8}.Release|Any CPU.Build.0 = Release|Any CPU
		{D7314949-4B36-4B3A-883F-84E065011215}.Debug|Any CPU.ActiveCfg = Debug|Any CPU
		{D7314949-4B36-4B3A-883F-84E065011215}.Debug|Any CPU.Build.0 = Debug|Any CPU
		{D7314949-4B36-4B3A-883F-84E065011215}.Release|Any CPU.ActiveCfg = Release|Any CPU
		{D7314949-4B36-4B3A-883F-84E065011215}.Release|Any CPU.Build.0 = Release|Any CPU
		{DBE22FAB-9770-49AB-A416-C3CD2D9E91E2}.Debug|Any CPU.ActiveCfg = Debug|Any CPU
		{DBE22FAB-9770-49AB-A416-C3CD2D9E91E2}.Debug|Any CPU.Build.0 = Debug|Any CPU
		{DBE22FAB-9770-49AB-A416-C3CD2D9E91E2}.Release|Any CPU.ActiveCfg = Release|Any CPU
		{DBE22FAB-9770-49AB-A416-C3CD2D9E91E2}.Release|Any CPU.Build.0 = Release|Any CPU
		{66236520-0322-4836-8B23-A35DCCA13DF8}.Debug|Any CPU.ActiveCfg = Debug|Any CPU
		{66236520-0322-4836-8B23-A35DCCA13DF8}.Debug|Any CPU.Build.0 = Debug|Any CPU
		{66236520-0322-4836-8B23-A35DCCA13DF8}.Release|Any CPU.ActiveCfg = Release|Any CPU
		{66236520-0322-4836-8B23-A35DCCA13DF8}.Release|Any CPU.Build.0 = Release|Any CPU
		{A7635CDC-CEC4-4E47-B0D7-ABAFE8FE6F1A}.Debug|Any CPU.ActiveCfg = Debug|Any CPU
		{A7635CDC-CEC4-4E47-B0D7-ABAFE8FE6F1A}.Debug|Any CPU.Build.0 = Debug|Any CPU
		{A7635CDC-CEC4-4E47-B0D7-ABAFE8FE6F1A}.Release|Any CPU.ActiveCfg = Release|Any CPU
		{A7635CDC-CEC4-4E47-B0D7-ABAFE8FE6F1A}.Release|Any CPU.Build.0 = Release|Any CPU
		{C4EF9A8A-D916-4497-8404-FBACD028183E}.Debug|Any CPU.ActiveCfg = Debug|Any CPU
		{C4EF9A8A-D916-4497-8404-FBACD028183E}.Debug|Any CPU.Build.0 = Debug|Any CPU
		{C4EF9A8A-D916-4497-8404-FBACD028183E}.Release|Any CPU.ActiveCfg = Release|Any CPU
		{C4EF9A8A-D916-4497-8404-FBACD028183E}.Release|Any CPU.Build.0 = Release|Any CPU
		{D7FF21D0-8A22-48F9-A5BD-BF45C9F4E659}.Debug|Any CPU.ActiveCfg = Debug|Any CPU
		{D7FF21D0-8A22-48F9-A5BD-BF45C9F4E659}.Debug|Any CPU.Build.0 = Debug|Any CPU
		{D7FF21D0-8A22-48F9-A5BD-BF45C9F4E659}.Release|Any CPU.ActiveCfg = Release|Any CPU
		{D7FF21D0-8A22-48F9-A5BD-BF45C9F4E659}.Release|Any CPU.Build.0 = Release|Any CPU
		{0C7C298A-17FE-43CF-B230-1F5219B34FB0}.Debug|Any CPU.ActiveCfg = Debug|Any CPU
		{0C7C298A-17FE-43CF-B230-1F5219B34FB0}.Debug|Any CPU.Build.0 = Debug|Any CPU
		{0C7C298A-17FE-43CF-B230-1F5219B34FB0}.Release|Any CPU.ActiveCfg = Release|Any CPU
		{0C7C298A-17FE-43CF-B230-1F5219B34FB0}.Release|Any CPU.Build.0 = Release|Any CPU
		{6D73B535-876B-48FB-BC0A-E2BA9A88F556}.Debug|Any CPU.ActiveCfg = Debug|Any CPU
		{6D73B535-876B-48FB-BC0A-E2BA9A88F556}.Debug|Any CPU.Build.0 = Debug|Any CPU
		{6D73B535-876B-48FB-BC0A-E2BA9A88F556}.Release|Any CPU.ActiveCfg = Release|Any CPU
		{6D73B535-876B-48FB-BC0A-E2BA9A88F556}.Release|Any CPU.Build.0 = Release|Any CPU
		{8385F518-90E6-460E-B410-A3ADC449AC79}.Debug|Any CPU.ActiveCfg = Debug|Any CPU
		{8385F518-90E6-460E-B410-A3ADC449AC79}.Debug|Any CPU.Build.0 = Debug|Any CPU
		{8385F518-90E6-460E-B410-A3ADC449AC79}.Release|Any CPU.ActiveCfg = Release|Any CPU
		{8385F518-90E6-460E-B410-A3ADC449AC79}.Release|Any CPU.Build.0 = Release|Any CPU
		{3CB559B6-B8E1-4573-95C6-2772C03D01C5}.Debug|Any CPU.ActiveCfg = Debug|Any CPU
		{3CB559B6-B8E1-4573-95C6-2772C03D01C5}.Debug|Any CPU.Build.0 = Debug|Any CPU
		{3CB559B6-B8E1-4573-95C6-2772C03D01C5}.Release|Any CPU.ActiveCfg = Release|Any CPU
		{3CB559B6-B8E1-4573-95C6-2772C03D01C5}.Release|Any CPU.Build.0 = Release|Any CPU
	EndGlobalSection
	GlobalSection(SolutionProperties) = preSolution
		HideSolutionNode = FALSE
	EndGlobalSection
	GlobalSection(NestedProjects) = preSolution
		{C4EF9A8A-D916-4497-8404-FBACD028183E} = {6226256F-3915-4EB7-A527-FADBADA72F6B}
		{D7FF21D0-8A22-48F9-A5BD-BF45C9F4E659} = {56D1B008-235C-4F15-91E5-10AA3A79E9CA}
		{0C7C298A-17FE-43CF-B230-1F5219B34FB0} = {6226256F-3915-4EB7-A527-FADBADA72F6B}
		{6D73B535-876B-48FB-BC0A-E2BA9A88F556} = {6226256F-3915-4EB7-A527-FADBADA72F6B}
	EndGlobalSection
	GlobalSection(ExtensibilityGlobals) = postSolution
		SolutionGuid = {A890DB90-93EA-4487-9398-ECD4A62769C6}
	EndGlobalSection
EndGlobal
