
Microsoft Visual Studio Solution File, Format Version 12.00
# Visual Studio Version 17
VisualStudioVersion = 17.5.33424.131
MinimumVisualStudioVersion = 10.0.40219.1
Project("{9A19103F-16F7-4668-BE54-9A1E7A4F7556}") = "ConsoleApp1", "ConsoleApp1\ConsoleApp1.csproj", "{6D39007A-3861-4512-8069-B90BB32A24F8}"
EndProject
Project("{9A19103F-16F7-4668-BE54-9A1E7A4F7556}") = "Inheritance", "Inheritance\Inheritance.csproj", "{D7314949-4B36-4B3A-883F-84E065011215}"
EndProject
Project("{9A19103F-16F7-4668-BE54-9A1E7A4F7556}") = "NewOne", "NewOne\NewOne.csproj", "{DBE22FAB-9770-49AB-A416-C3CD2D9E91E2}"
EndProject
Project("{9A19103F-16F7-4668-BE54-9A1E7A4F7556}") = "7Parametors", "7Parametors\7Parametors.csproj", "{66236520-0322-4836-8B23-A35DCCA13DF8}"
EndProject
Project("{9A19103F-16F7-4668-BE54-9A1E7A4F7556}") = "LearningAllPrpertyAndTest", "LearningAllPrpertyAndTest\LearningAllPrpertyAndTest.csproj", "{A7635CDC-CEC4-4E47-B0D7-ABAFE8FE6F1A}"
EndProject
Project("{2150E333-8FDC-42A3-9474-1A3956D46DE8}") = "Interface Example", "Interface Example", "{6226256F-3915-4EB7-A527-FADBADA72F6B}"
EndProject
Project("{9A19103F-16F7-4668-BE54-9A1E7A4F7556}") = "NoteBookMarket", "NoteBookMarket\NoteBookMarket.csproj", "{C4EF9A8A-D916-4497-8404-FBACD028183E}"
EndProject
Project("{2150E333-8FDC-42A3-9474-1A3956D46DE8}") = "Country", "Country", "{56D1B008-235C-4F15-91E5-10AA3A79E9CA}"
EndProject
Project("{9A19103F-16F7-4668-BE54-9A1E7A4F7556}") = "Map", "Map\Map.csproj", "{D7FF21D0-8A22-48F9-A5BD-BF45C9F4E659}"
EndProject
Project("{9A19103F-16F7-4668-BE54-9A1E7A4F7556}") = "NewExampleOfInterface", "NewExampleOfInterface\NewExampleOfInterface.csproj", "{0C7C298A-17FE-43CF-B230-1F5219B34FB0}"
EndProject
Project("{9A19103F-16F7-4668-BE54-9A1E7A4F7556}") = "ChatGPT exercise", "ChatGPT exercise\ChatGPT exercise.csproj", "{6D73B535-876B-48FB-BC0A-E2BA9A88F556}"
EndProject
Project("{9A19103F-16F7-4668-BE54-9A1E7A4F7556}") = "PolindromRandomChecker", "PolindromRandomChecker\PolindromRandomChecker.csproj", "{8385F518-90E6-460E-B410-A3ADC449AC79}"
EndProject
Project("{9A19103F-16F7-4668-BE54-9A1E7A4F7556}") = "DleiveryProj", "DleiveryProj\DleiveryProj.csproj", "{3CB559B6-B8E1-4573-95C6-2772C03D01C5}"
EndProject
Project("{2150E333-8FDC-42A3-9474-1A3956D46DE8}") = "Abstraction", "Abstraction", "{A4CE30F1-A917-4734-8483-B1CB94D64754}"
EndProject
Project("{9A19103F-16F7-4668-BE54-9A1E7A4F7556}") = "AbsteractionExample", "AbsteractionExample\AbsteractionExample.csproj", "{C7675752-785A-4690-B26D-1C95FE809D4A}"
EndProject
Project("{9A19103F-16F7-4668-BE54-9A1E7A4F7556}") = "WorkWithFile", "WorkWithFile\WorkWithFile.csproj", "{487E07C6-933E-4399-9C4C-3355E7006E08}"
EndProject
Project("{2150E333-8FDC-42A3-9474-1A3956D46DE8}") = "Delegates", "Delegates", "{AA99E414-1A57-4B72-B73B-BDA2EFA57E7D}"
EndProject
Project("{9A19103F-16F7-4668-BE54-9A1E7A4F7556}") = "Delegates", "Delegates\Delegates.csproj", "{29F46CB8-327B-43D4-883A-E7A212139B9A}"
EndProject
Project("{2150E333-8FDC-42A3-9474-1A3956D46DE8}") = "Generic", "Generic", "{7137D8CD-F371-48C7-8210-B2993ED8A390}"
EndProject
Project("{9A19103F-16F7-4668-BE54-9A1E7A4F7556}") = "genericAdd", "genericAdd\genericAdd.csproj", "{F896F838-982B-4893-906E-261E0C52893D}"
EndProject
Project("{9A19103F-16F7-4668-BE54-9A1E7A4F7556}") = "ChatGPT_Delegate", "ChatGPT_Delegate\ChatGPT_Delegate.csproj", "{3E8D4A68-E40B-45AD-89F1-78600D698550}"
EndProject
Project("{9A19103F-16F7-4668-BE54-9A1E7A4F7556}") = "NewDelegateExercise", "NewDelegateExercise\NewDelegateExercise.csproj", "{13869D1F-CAE0-447A-92F8-810028B4EBD1}"
EndProject
Project("{FAE04EC0-301F-11D3-BF4B-00C04F79EFBC}") = "GenericChatGPT", "GenericChatGPT\GenericChatGPT.csproj", "{CDA2FCA4-27AE-4C39-B054-5146F5E1E1AF}"
EndProject
Project("{9A19103F-16F7-4668-BE54-9A1E7A4F7556}") = "Test1231234", "Test1231234\Test1231234.csproj", "{E4761119-8F7A-44AF-8B46-3E010D283E86}"
EndProject
Project("{9A19103F-16F7-4668-BE54-9A1E7A4F7556}") = "FilmBoom", "FilmBoom\FilmBoom.csproj", "{C9AA47A5-4766-427A-8353-36E54E3E0DA0}"
EndProject
Project("{9A19103F-16F7-4668-BE54-9A1E7A4F7556}") = "ExampleOfDictQueStackList", "DictionaryExample\ExampleOfDictQueStackList.csproj", "{F50166BE-61BC-4610-89FD-8821951BA233}"
EndProject
Project("{9A19103F-16F7-4668-BE54-9A1E7A4F7556}") = "SortingSomeValues", "SortingSomeValues\SortingSomeValues.csproj", "{40A238B0-072A-4776-A7B7-00E8CA4BDD0E}"
EndProject
Project("{2150E333-8FDC-42A3-9474-1A3956D46DE8}") = "Repeat all", "Repeat all", "{3B2784A4-A9BE-4765-AAA2-0D565B942632}"
EndProject
Project("{9A19103F-16F7-4668-BE54-9A1E7A4F7556}") = "Ref_Out_In", "Ref_Out_In\Ref_Out_In.csproj", "{54107579-60D2-4B60-B2C5-957671F503F8}"
EndProject
Project("{9A19103F-16F7-4668-BE54-9A1E7A4F7556}") = "StaticExample", "StaticExample\StaticExample.csproj", "{4BCDAB35-E4A3-46CF-BAD6-49857C09B8C9}"
EndProject
Project("{9A19103F-16F7-4668-BE54-9A1E7A4F7556}") = "Struct", "Struct\Struct.csproj", "{6F8AEFB5-83FF-4A4F-9051-6E9DDB0C8738}"
EndProject
Project("{9A19103F-16F7-4668-BE54-9A1E7A4F7556}") = "MutableAndimutable", "MutableAndimutable\MutableAndimutable.csproj", "{660BC6C0-A68A-4201-B800-9B08B6E4689B}"
EndProject
Project("{9A19103F-16F7-4668-BE54-9A1E7A4F7556}") = "Const", "Const\Const.csproj", "{92CF1D56-3C80-4AE8-9929-8C560E09E1AC}"
EndProject
Project("{9A19103F-16F7-4668-BE54-9A1E7A4F7556}") = "Abstract", "Abstract\Abstract.csproj", "{B4A8B85D-1112-4FDA-8BA8-674750020C8F}"
EndProject
Project("{9A19103F-16F7-4668-BE54-9A1E7A4F7556}") = "Polymorphism", "Polymorphism\Polymorphism.csproj", "{608AED72-8278-4C2E-8CFA-787696217F0D}"
EndProject
Project("{9A19103F-16F7-4668-BE54-9A1E7A4F7556}") = "InterfaceExample", "InterfaceExample\InterfaceExample.csproj", "{DE85E17A-E14F-4FDA-BF7C-9874D186BF8D}"
EndProject
Project("{9A19103F-16F7-4668-BE54-9A1E7A4F7556}") = "InterfaceExercise", "InterfaceExercise\InterfaceExercise.csproj", "{6205953E-A64B-4813-8A6E-AB5A0E093683}"
EndProject
Project("{9A19103F-16F7-4668-BE54-9A1E7A4F7556}") = "VirtualExample", "VirtualExample\VirtualExample.csproj", "{BF759AF3-E33E-40C6-B1E9-01CB39DF41E1}"
EndProject
Project("{FAE04EC0-301F-11D3-BF4B-00C04F79EFBC}") = "GenericsExample", "GenericsExample\GenericsExample.csproj", "{0A7C8E3B-5A85-455A-B07B-0FCFB329AD79}"
EndProject
Global
	GlobalSection(SolutionConfigurationPlatforms) = preSolution
		Debug|Any CPU = Debug|Any CPU
		Release|Any CPU = Release|Any CPU
	EndGlobalSection
	GlobalSection(ProjectConfigurationPlatforms) = postSolution
		{6D39007A-3861-4512-8069-B90BB32A24F8}.Debug|Any CPU.ActiveCfg = Debug|Any CPU
		{6D39007A-3861-4512-8069-B90BB32A24F8}.Debug|Any CPU.Build.0 = Debug|Any CPU
		{6D39007A-3861-4512-8069-B90BB32A24F8}.Release|Any CPU.ActiveCfg = Release|Any CPU
		{6D39007A-3861-4512-8069-B90BB32A24F8}.Release|Any CPU.Build.0 = Release|Any CPU
		{D7314949-4B36-4B3A-883F-84E065011215}.Debug|Any CPU.ActiveCfg = Debug|Any CPU
		{D7314949-4B36-4B3A-883F-84E065011215}.Debug|Any CPU.Build.0 = Debug|Any CPU
		{D7314949-4B36-4B3A-883F-84E065011215}.Release|Any CPU.ActiveCfg = Release|Any CPU
		{D7314949-4B36-4B3A-883F-84E065011215}.Release|Any CPU.Build.0 = Release|Any CPU
		{DBE22FAB-9770-49AB-A416-C3CD2D9E91E2}.Debug|Any CPU.ActiveCfg = Debug|Any CPU
		{DBE22FAB-9770-49AB-A416-C3CD2D9E91E2}.Debug|Any CPU.Build.0 = Debug|Any CPU
		{DBE22FAB-9770-49AB-A416-C3CD2D9E91E2}.Release|Any CPU.ActiveCfg = Release|Any CPU
		{DBE22FAB-9770-49AB-A416-C3CD2D9E91E2}.Release|Any CPU.Build.0 = Release|Any CPU
		{66236520-0322-4836-8B23-A35DCCA13DF8}.Debug|Any CPU.ActiveCfg = Debug|Any CPU
		{66236520-0322-4836-8B23-A35DCCA13DF8}.Debug|Any CPU.Build.0 = Debug|Any CPU
		{66236520-0322-4836-8B23-A35DCCA13DF8}.Release|Any CPU.ActiveCfg = Release|Any CPU
		{66236520-0322-4836-8B23-A35DCCA13DF8}.Release|Any CPU.Build.0 = Release|Any CPU
		{A7635CDC-CEC4-4E47-B0D7-ABAFE8FE6F1A}.Debug|Any CPU.ActiveCfg = Debug|Any CPU
		{A7635CDC-CEC4-4E47-B0D7-ABAFE8FE6F1A}.Debug|Any CPU.Build.0 = Debug|Any CPU
		{A7635CDC-CEC4-4E47-B0D7-ABAFE8FE6F1A}.Release|Any CPU.ActiveCfg = Release|Any CPU
		{A7635CDC-CEC4-4E47-B0D7-ABAFE8FE6F1A}.Release|Any CPU.Build.0 = Release|Any CPU
		{C4EF9A8A-D916-4497-8404-FBACD028183E}.Debug|Any CPU.ActiveCfg = Debug|Any CPU
		{C4EF9A8A-D916-4497-8404-FBACD028183E}.Debug|Any CPU.Build.0 = Debug|Any CPU
		{C4EF9A8A-D916-4497-8404-FBACD028183E}.Release|Any CPU.ActiveCfg = Release|Any CPU
		{C4EF9A8A-D916-4497-8404-FBACD028183E}.Release|Any CPU.Build.0 = Release|Any CPU
		{D7FF21D0-8A22-48F9-A5BD-BF45C9F4E659}.Debug|Any CPU.ActiveCfg = Debug|Any CPU
		{D7FF21D0-8A22-48F9-A5BD-BF45C9F4E659}.Debug|Any CPU.Build.0 = Debug|Any CPU
		{D7FF21D0-8A22-48F9-A5BD-BF45C9F4E659}.Release|Any CPU.ActiveCfg = Release|Any CPU
		{D7FF21D0-8A22-48F9-A5BD-BF45C9F4E659}.Release|Any CPU.Build.0 = Release|Any CPU
		{0C7C298A-17FE-43CF-B230-1F5219B34FB0}.Debug|Any CPU.ActiveCfg = Debug|Any CPU
		{0C7C298A-17FE-43CF-B230-1F5219B34FB0}.Debug|Any CPU.Build.0 = Debug|Any CPU
		{0C7C298A-17FE-43CF-B230-1F5219B34FB0}.Release|Any CPU.ActiveCfg = Release|Any CPU
		{0C7C298A-17FE-43CF-B230-1F5219B34FB0}.Release|Any CPU.Build.0 = Release|Any CPU
		{6D73B535-876B-48FB-BC0A-E2BA9A88F556}.Debug|Any CPU.ActiveCfg = Debug|Any CPU
		{6D73B535-876B-48FB-BC0A-E2BA9A88F556}.Debug|Any CPU.Build.0 = Debug|Any CPU
		{6D73B535-876B-48FB-BC0A-E2BA9A88F556}.Release|Any CPU.ActiveCfg = Release|Any CPU
		{6D73B535-876B-48FB-BC0A-E2BA9A88F556}.Release|Any CPU.Build.0 = Release|Any CPU
		{8385F518-90E6-460E-B410-A3ADC449AC79}.Debug|Any CPU.ActiveCfg = Debug|Any CPU
		{8385F518-90E6-460E-B410-A3ADC449AC79}.Debug|Any CPU.Build.0 = Debug|Any CPU
		{8385F518-90E6-460E-B410-A3ADC449AC79}.Release|Any CPU.ActiveCfg = Release|Any CPU
		{8385F518-90E6-460E-B410-A3ADC449AC79}.Release|Any CPU.Build.0 = Release|Any CPU
		{3CB559B6-B8E1-4573-95C6-2772C03D01C5}.Debug|Any CPU.ActiveCfg = Debug|Any CPU
		{3CB559B6-B8E1-4573-95C6-2772C03D01C5}.Debug|Any CPU.Build.0 = Debug|Any CPU
		{3CB559B6-B8E1-4573-95C6-2772C03D01C5}.Release|Any CPU.ActiveCfg = Release|Any CPU
		{3CB559B6-B8E1-4573-95C6-2772C03D01C5}.Release|Any CPU.Build.0 = Release|Any CPU
		{C7675752-785A-4690-B26D-1C95FE809D4A}.Debug|Any CPU.ActiveCfg = Debug|Any CPU
		{C7675752-785A-4690-B26D-1C95FE809D4A}.Debug|Any CPU.Build.0 = Debug|Any CPU
		{C7675752-785A-4690-B26D-1C95FE809D4A}.Release|Any CPU.ActiveCfg = Release|Any CPU
		{C7675752-785A-4690-B26D-1C95FE809D4A}.Release|Any CPU.Build.0 = Release|Any CPU
		{487E07C6-933E-4399-9C4C-3355E7006E08}.Debug|Any CPU.ActiveCfg = Debug|Any CPU
		{487E07C6-933E-4399-9C4C-3355E7006E08}.Debug|Any CPU.Build.0 = Debug|Any CPU
		{487E07C6-933E-4399-9C4C-3355E7006E08}.Release|Any CPU.ActiveCfg = Release|Any CPU
		{487E07C6-933E-4399-9C4C-3355E7006E08}.Release|Any CPU.Build.0 = Release|Any CPU
		{29F46CB8-327B-43D4-883A-E7A212139B9A}.Debug|Any CPU.ActiveCfg = Debug|Any CPU
		{29F46CB8-327B-43D4-883A-E7A212139B9A}.Debug|Any CPU.Build.0 = Debug|Any CPU
		{29F46CB8-327B-43D4-883A-E7A212139B9A}.Release|Any CPU.ActiveCfg = Release|Any CPU
		{29F46CB8-327B-43D4-883A-E7A212139B9A}.Release|Any CPU.Build.0 = Release|Any CPU
		{F896F838-982B-4893-906E-261E0C52893D}.Debug|Any CPU.ActiveCfg = Debug|Any CPU
		{F896F838-982B-4893-906E-261E0C52893D}.Debug|Any CPU.Build.0 = Debug|Any CPU
		{F896F838-982B-4893-906E-261E0C52893D}.Release|Any CPU.ActiveCfg = Release|Any CPU
		{F896F838-982B-4893-906E-261E0C52893D}.Release|Any CPU.Build.0 = Release|Any CPU
		{3E8D4A68-E40B-45AD-89F1-78600D698550}.Debug|Any CPU.ActiveCfg = Debug|Any CPU
		{3E8D4A68-E40B-45AD-89F1-78600D698550}.Debug|Any CPU.Build.0 = Debug|Any CPU
		{3E8D4A68-E40B-45AD-89F1-78600D698550}.Release|Any CPU.ActiveCfg = Release|Any CPU
		{3E8D4A68-E40B-45AD-89F1-78600D698550}.Release|Any CPU.Build.0 = Release|Any CPU
		{13869D1F-CAE0-447A-92F8-810028B4EBD1}.Debug|Any CPU.ActiveCfg = Debug|Any CPU
		{13869D1F-CAE0-447A-92F8-810028B4EBD1}.Debug|Any CPU.Build.0 = Debug|Any CPU
		{13869D1F-CAE0-447A-92F8-810028B4EBD1}.Release|Any CPU.ActiveCfg = Release|Any CPU
		{13869D1F-CAE0-447A-92F8-810028B4EBD1}.Release|Any CPU.Build.0 = Release|Any CPU
		{CDA2FCA4-27AE-4C39-B054-5146F5E1E1AF}.Debug|Any CPU.ActiveCfg = Debug|Any CPU
		{CDA2FCA4-27AE-4C39-B054-5146F5E1E1AF}.Debug|Any CPU.Build.0 = Debug|Any CPU
		{CDA2FCA4-27AE-4C39-B054-5146F5E1E1AF}.Release|Any CPU.ActiveCfg = Release|Any CPU
		{CDA2FCA4-27AE-4C39-B054-5146F5E1E1AF}.Release|Any CPU.Build.0 = Release|Any CPU
		{E4761119-8F7A-44AF-8B46-3E010D283E86}.Debug|Any CPU.ActiveCfg = Debug|Any CPU
		{E4761119-8F7A-44AF-8B46-3E010D283E86}.Debug|Any CPU.Build.0 = Debug|Any CPU
		{E4761119-8F7A-44AF-8B46-3E010D283E86}.Release|Any CPU.ActiveCfg = Release|Any CPU
		{E4761119-8F7A-44AF-8B46-3E010D283E86}.Release|Any CPU.Build.0 = Release|Any CPU
		{C9AA47A5-4766-427A-8353-36E54E3E0DA0}.Debug|Any CPU.ActiveCfg = Debug|Any CPU
		{C9AA47A5-4766-427A-8353-36E54E3E0DA0}.Debug|Any CPU.Build.0 = Debug|Any CPU
		{C9AA47A5-4766-427A-8353-36E54E3E0DA0}.Release|Any CPU.ActiveCfg = Release|Any CPU
		{C9AA47A5-4766-427A-8353-36E54E3E0DA0}.Release|Any CPU.Build.0 = Release|Any CPU
		{F50166BE-61BC-4610-89FD-8821951BA233}.Debug|Any CPU.ActiveCfg = Debug|Any CPU
		{F50166BE-61BC-4610-89FD-8821951BA233}.Debug|Any CPU.Build.0 = Debug|Any CPU
		{F50166BE-61BC-4610-89FD-8821951BA233}.Release|Any CPU.ActiveCfg = Release|Any CPU
		{F50166BE-61BC-4610-89FD-8821951BA233}.Release|Any CPU.Build.0 = Release|Any CPU
		{40A238B0-072A-4776-A7B7-00E8CA4BDD0E}.Debug|Any CPU.ActiveCfg = Debug|Any CPU
		{40A238B0-072A-4776-A7B7-00E8CA4BDD0E}.Debug|Any CPU.Build.0 = Debug|Any CPU
		{40A238B0-072A-4776-A7B7-00E8CA4BDD0E}.Release|Any CPU.ActiveCfg = Release|Any CPU
		{40A238B0-072A-4776-A7B7-00E8CA4BDD0E}.Release|Any CPU.Build.0 = Release|Any CPU
		{54107579-60D2-4B60-B2C5-957671F503F8}.Debug|Any CPU.ActiveCfg = Debug|Any CPU
		{54107579-60D2-4B60-B2C5-957671F503F8}.Debug|Any CPU.Build.0 = Debug|Any CPU
		{54107579-60D2-4B60-B2C5-957671F503F8}.Release|Any CPU.ActiveCfg = Release|Any CPU
		{54107579-60D2-4B60-B2C5-957671F503F8}.Release|Any CPU.Build.0 = Release|Any CPU
		{4BCDAB35-E4A3-46CF-BAD6-49857C09B8C9}.Debug|Any CPU.ActiveCfg = Debug|Any CPU
		{4BCDAB35-E4A3-46CF-BAD6-49857C09B8C9}.Debug|Any CPU.Build.0 = Debug|Any CPU
		{4BCDAB35-E4A3-46CF-BAD6-49857C09B8C9}.Release|Any CPU.ActiveCfg = Release|Any CPU
		{4BCDAB35-E4A3-46CF-BAD6-49857C09B8C9}.Release|Any CPU.Build.0 = Release|Any CPU
		{6F8AEFB5-83FF-4A4F-9051-6E9DDB0C8738}.Debug|Any CPU.ActiveCfg = Debug|Any CPU
		{6F8AEFB5-83FF-4A4F-9051-6E9DDB0C8738}.Debug|Any CPU.Build.0 = Debug|Any CPU
		{6F8AEFB5-83FF-4A4F-9051-6E9DDB0C8738}.Release|Any CPU.ActiveCfg = Release|Any CPU
		{6F8AEFB5-83FF-4A4F-9051-6E9DDB0C8738}.Release|Any CPU.Build.0 = Release|Any CPU
		{660BC6C0-A68A-4201-B800-9B08B6E4689B}.Debug|Any CPU.ActiveCfg = Debug|Any CPU
		{660BC6C0-A68A-4201-B800-9B08B6E4689B}.Debug|Any CPU.Build.0 = Debug|Any CPU
		{660BC6C0-A68A-4201-B800-9B08B6E4689B}.Release|Any CPU.ActiveCfg = Release|Any CPU
		{660BC6C0-A68A-4201-B800-9B08B6E4689B}.Release|Any CPU.Build.0 = Release|Any CPU
		{92CF1D56-3C80-4AE8-9929-8C560E09E1AC}.Debug|Any CPU.ActiveCfg = Debug|Any CPU
		{92CF1D56-3C80-4AE8-9929-8C560E09E1AC}.Debug|Any CPU.Build.0 = Debug|Any CPU
		{92CF1D56-3C80-4AE8-9929-8C560E09E1AC}.Release|Any CPU.ActiveCfg = Release|Any CPU
		{92CF1D56-3C80-4AE8-9929-8C560E09E1AC}.Release|Any CPU.Build.0 = Release|Any CPU
		{B4A8B85D-1112-4FDA-8BA8-674750020C8F}.Debug|Any CPU.ActiveCfg = Debug|Any CPU
		{B4A8B85D-1112-4FDA-8BA8-674750020C8F}.Debug|Any CPU.Build.0 = Debug|Any CPU
		{B4A8B85D-1112-4FDA-8BA8-674750020C8F}.Release|Any CPU.ActiveCfg = Release|Any CPU
		{B4A8B85D-1112-4FDA-8BA8-674750020C8F}.Release|Any CPU.Build.0 = Release|Any CPU
		{608AED72-8278-4C2E-8CFA-787696217F0D}.Debug|Any CPU.ActiveCfg = Debug|Any CPU
		{608AED72-8278-4C2E-8CFA-787696217F0D}.Debug|Any CPU.Build.0 = Debug|Any CPU
		{608AED72-8278-4C2E-8CFA-787696217F0D}.Release|Any CPU.ActiveCfg = Release|Any CPU
		{608AED72-8278-4C2E-8CFA-787696217F0D}.Release|Any CPU.Build.0 = Release|Any CPU
		{DE85E17A-E14F-4FDA-BF7C-9874D186BF8D}.Debug|Any CPU.ActiveCfg = Debug|Any CPU
		{DE85E17A-E14F-4FDA-BF7C-9874D186BF8D}.Debug|Any CPU.Build.0 = Debug|Any CPU
		{DE85E17A-E14F-4FDA-BF7C-9874D186BF8D}.Release|Any CPU.ActiveCfg = Release|Any CPU
		{DE85E17A-E14F-4FDA-BF7C-9874D186BF8D}.Release|Any CPU.Build.0 = Release|Any CPU
		{6205953E-A64B-4813-8A6E-AB5A0E093683}.Debug|Any CPU.ActiveCfg = Debug|Any CPU
		{6205953E-A64B-4813-8A6E-AB5A0E093683}.Debug|Any CPU.Build.0 = Debug|Any CPU
		{6205953E-A64B-4813-8A6E-AB5A0E093683}.Release|Any CPU.ActiveCfg = Release|Any CPU
		{6205953E-A64B-4813-8A6E-AB5A0E093683}.Release|Any CPU.Build.0 = Release|Any CPU
		{BF759AF3-E33E-40C6-B1E9-01CB39DF41E1}.Debug|Any CPU.ActiveCfg = Debug|Any CPU
		{BF759AF3-E33E-40C6-B1E9-01CB39DF41E1}.Debug|Any CPU.Build.0 = Debug|Any CPU
		{BF759AF3-E33E-40C6-B1E9-01CB39DF41E1}.Release|Any CPU.ActiveCfg = Release|Any CPU
		{BF759AF3-E33E-40C6-B1E9-01CB39DF41E1}.Release|Any CPU.Build.0 = Release|Any CPU
		{0A7C8E3B-5A85-455A-B07B-0FCFB329AD79}.Debug|Any CPU.ActiveCfg = Debug|Any CPU
		{0A7C8E3B-5A85-455A-B07B-0FCFB329AD79}.Debug|Any CPU.Build.0 = Debug|Any CPU
		{0A7C8E3B-5A85-455A-B07B-0FCFB329AD79}.Release|Any CPU.ActiveCfg = Release|Any CPU
		{0A7C8E3B-5A85-455A-B07B-0FCFB329AD79}.Release|Any CPU.Build.0 = Release|Any CPU
	EndGlobalSection
	GlobalSection(SolutionProperties) = preSolution
		HideSolutionNode = FALSE
	EndGlobalSection
	GlobalSection(NestedProjects) = preSolution
		{C4EF9A8A-D916-4497-8404-FBACD028183E} = {6226256F-3915-4EB7-A527-FADBADA72F6B}
		{D7FF21D0-8A22-48F9-A5BD-BF45C9F4E659} = {56D1B008-235C-4F15-91E5-10AA3A79E9CA}
		{0C7C298A-17FE-43CF-B230-1F5219B34FB0} = {6226256F-3915-4EB7-A527-FADBADA72F6B}
		{6D73B535-876B-48FB-BC0A-E2BA9A88F556} = {6226256F-3915-4EB7-A527-FADBADA72F6B}
		{C7675752-785A-4690-B26D-1C95FE809D4A} = {A4CE30F1-A917-4734-8483-B1CB94D64754}
		{29F46CB8-327B-43D4-883A-E7A212139B9A} = {AA99E414-1A57-4B72-B73B-BDA2EFA57E7D}
		{F896F838-982B-4893-906E-261E0C52893D} = {7137D8CD-F371-48C7-8210-B2993ED8A390}
		{3E8D4A68-E40B-45AD-89F1-78600D698550} = {AA99E414-1A57-4B72-B73B-BDA2EFA57E7D}
		{13869D1F-CAE0-447A-92F8-810028B4EBD1} = {AA99E414-1A57-4B72-B73B-BDA2EFA57E7D}
		{CDA2FCA4-27AE-4C39-B054-5146F5E1E1AF} = {7137D8CD-F371-48C7-8210-B2993ED8A390}
		{54107579-60D2-4B60-B2C5-957671F503F8} = {3B2784A4-A9BE-4765-AAA2-0D565B942632}
		{4BCDAB35-E4A3-46CF-BAD6-49857C09B8C9} = {3B2784A4-A9BE-4765-AAA2-0D565B942632}
		{6F8AEFB5-83FF-4A4F-9051-6E9DDB0C8738} = {3B2784A4-A9BE-4765-AAA2-0D565B942632}
		{660BC6C0-A68A-4201-B800-9B08B6E4689B} = {3B2784A4-A9BE-4765-AAA2-0D565B942632}
		{92CF1D56-3C80-4AE8-9929-8C560E09E1AC} = {3B2784A4-A9BE-4765-AAA2-0D565B942632}
		{B4A8B85D-1112-4FDA-8BA8-674750020C8F} = {3B2784A4-A9BE-4765-AAA2-0D565B942632}
		{608AED72-8278-4C2E-8CFA-787696217F0D} = {3B2784A4-A9BE-4765-AAA2-0D565B942632}
		{DE85E17A-E14F-4FDA-BF7C-9874D186BF8D} = {3B2784A4-A9BE-4765-AAA2-0D565B942632}
		{6205953E-A64B-4813-8A6E-AB5A0E093683} = {3B2784A4-A9BE-4765-AAA2-0D565B942632}
		{BF759AF3-E33E-40C6-B1E9-01CB39DF41E1} = {3B2784A4-A9BE-4765-AAA2-0D565B942632}
		{0A7C8E3B-5A85-455A-B07B-0FCFB329AD79} = {3B2784A4-A9BE-4765-AAA2-0D565B942632}
	EndGlobalSection
	GlobalSection(ExtensibilityGlobals) = postSolution
		SolutionGuid = {A890DB90-93EA-4487-9398-ECD4A62769C6}
	EndGlobalSection
EndGlobal
